
Microsoft Visual Studio Solution File, Format Version 12.00
# Visual Studio 15
VisualStudioVersion = 15.0.27428.1
MinimumVisualStudioVersion = 10.0.40219.1
Project("{FAE04EC0-301F-11D3-BF4B-00C04F79EFBC}") = "FruugoSdkLib", "Fruugo\FruugoSdkLib.csproj", "{CBCEB0E2-4609-42CA-A895-DFFAB7B827BD}"
EndProject
Project("{FAE04EC0-301F-11D3-BF4B-00C04F79EFBC}") = "FruugoSdkLib.Tests", "FruugoSdkLib.Tests\FruugoSdkLib.Tests.csproj", "{0EDA2EF9-F701-44D4-984D-9163534569BF}"
EndProject
Global
	GlobalSection(SolutionConfigurationPlatforms) = preSolution
		Debug|Any CPU = Debug|Any CPU
		Release|Any CPU = Release|Any CPU
	EndGlobalSection
	GlobalSection(ProjectConfigurationPlatforms) = postSolution
		{CBCEB0E2-4609-42CA-A895-DFFAB7B827BD}.Debug|Any CPU.ActiveCfg = Debug|Any CPU
		{CBCEB0E2-4609-42CA-A895-DFFAB7B827BD}.Debug|Any CPU.Build.0 = Debug|Any CPU
		{CBCEB0E2-4609-42CA-A895-DFFAB7B827BD}.Release|Any CPU.ActiveCfg = Release|Any CPU
		{CBCEB0E2-4609-42CA-A895-DFFAB7B827BD}.Release|Any CPU.Build.0 = Release|Any CPU
		{0EDA2EF9-F701-44D4-984D-9163534569BF}.Debug|Any CPU.ActiveCfg = Debug|Any CPU
		{0EDA2EF9-F701-44D4-984D-9163534569BF}.Debug|Any CPU.Build.0 = Debug|Any CPU
		{0EDA2EF9-F701-44D4-984D-9163534569BF}.Release|Any CPU.ActiveCfg = Release|Any CPU
		{0EDA2EF9-F701-44D4-984D-9163534569BF}.Release|Any CPU.Build.0 = Release|Any CPU
	EndGlobalSection
	GlobalSection(SolutionProperties) = preSolution
		HideSolutionNode = FALSE
	EndGlobalSection
	GlobalSection(ExtensibilityGlobals) = postSolution
		SolutionGuid = {F3BA0370-BE37-455B-BFF0-6367126EEB2E}
	EndGlobalSection
EndGlobal
